
Microsoft Visual Studio Solution File, Format Version 12.00
# Visual Studio 2012
Project("{FAE04EC0-301F-11D3-BF4B-00C04F79EFBC}") = "Jembo Personal Page", "Jembo Personal Page\Jembo Personal Page.csproj", "{CED7667A-7054-4B01-AAFE-32F03E107EF5}"
EndProject
Global
	GlobalSection(SolutionConfigurationPlatforms) = preSolution
		Debug|Any CPU = Debug|Any CPU
		Release|Any CPU = Release|Any CPU
	EndGlobalSection
	GlobalSection(ProjectConfigurationPlatforms) = postSolution
		{CED7667A-7054-4B01-AAFE-32F03E107EF5}.Debug|Any CPU.ActiveCfg = Debug|Any CPU
		{CED7667A-7054-4B01-AAFE-32F03E107EF5}.Debug|Any CPU.Build.0 = Debug|Any CPU
		{CED7667A-7054-4B01-AAFE-32F03E107EF5}.Release|Any CPU.ActiveCfg = Release|Any CPU
		{CED7667A-7054-4B01-AAFE-32F03E107EF5}.Release|Any CPU.Build.0 = Release|Any CPU
	EndGlobalSection
	GlobalSection(SolutionProperties) = preSolution
		HideSolutionNode = FALSE
	EndGlobalSection
EndGlobal
